// !$*UTF8*$!
{
	archiveVersion = 1;
	classes = {
	};
	objectVersion = 46;
	objects = {

/* Begin PBXBuildFile section */
		3B8214901E97E5A700B64A26 /* ATQRCodeTool.m in Sources */ = {isa = PBXBuildFile; fileRef = 3B82148F1E97E5A700B64A26 /* ATQRCodeTool.m */; };
		3B8214931E97E5C800B64A26 /* ATAlertView.m in Sources */ = {isa = PBXBuildFile; fileRef = 3B8214921E97E5C800B64A26 /* ATAlertView.m */; };
		3B8214951E97E5E200B64A26 /* sound.caf in Resources */ = {isa = PBXBuildFile; fileRef = 3B8214941E97E5E200B64A26 /* sound.caf */; };
		3B82149C1E97E5F200B64A26 /* ATGenerateQRCodeVC.m in Sources */ = {isa = PBXBuildFile; fileRef = 3B8214971E97E5F200B64A26 /* ATGenerateQRCodeVC.m */; };
		3B82149D1E97E5F200B64A26 /* ATScanningQRCodeVC.m in Sources */ = {isa = PBXBuildFile; fileRef = 3B8214991E97E5F200B64A26 /* ATScanningQRCodeVC.m */; };
		3B82149E1E97E5F200B64A26 /* ATScanSuccessJumpVC.m in Sources */ = {isa = PBXBuildFile; fileRef = 3B82149B1E97E5F200B64A26 /* ATScanSuccessJumpVC.m */; };
		3B8214A11E97E60600B64A26 /* ATScanningQRCodeView.m in Sources */ = {isa = PBXBuildFile; fileRef = 3B8214A01E97E60600B64A26 /* ATScanningQRCodeView.m */; };
		3B8214AE1E97E61C00B64A26 /* AppDelegate.m in Sources */ = {isa = PBXBuildFile; fileRef = 3B8214A31E97E61C00B64A26 /* AppDelegate.m */; };
		3B8214AF1E97E61C00B64A26 /* Assets.xcassets in Resources */ = {isa = PBXBuildFile; fileRef = 3B8214A41E97E61C00B64A26 /* Assets.xcassets */; };
		3B8214B01E97E61C00B64A26 /* LaunchScreen.storyboard in Resources */ = {isa = PBXBuildFile; fileRef = 3B8214A61E97E61C00B64A26 /* LaunchScreen.storyboard */; };
		3B8214B11E97E61C00B64A26 /* Main.storyboard in Resources */ = {isa = PBXBuildFile; fileRef = 3B8214A81E97E61C00B64A26 /* Main.storyboard */; };
		3B8214B21E97E61C00B64A26 /* Info.plist in Resources */ = {isa = PBXBuildFile; fileRef = 3B8214AA1E97E61C00B64A26 /* Info.plist */; };
		3B8214B31E97E61C00B64A26 /* main.m in Sources */ = {isa = PBXBuildFile; fileRef = 3B8214AB1E97E61C00B64A26 /* main.m */; };
		3B8214B41E97E61C00B64A26 /* ViewController.m in Sources */ = {isa = PBXBuildFile; fileRef = 3B8214AD1E97E61C00B64A26 /* ViewController.m */; };
		3B8214B71E97E67400B64A26 /* ATQRCodeExampleTests.m in Sources */ = {isa = PBXBuildFile; fileRef = 3B8214B51E97E67400B64A26 /* ATQRCodeExampleTests.m */; };
		3B8214B81E97E67400B64A26 /* Info.plist in Resources */ = {isa = PBXBuildFile; fileRef = 3B8214B61E97E67400B64A26 /* Info.plist */; };
		3B8214C01E97E69100B64A26 /* ATQRCodeExampleUITests.m in Sources */ = {isa = PBXBuildFile; fileRef = 3B8214BE1E97E69100B64A26 /* ATQRCodeExampleUITests.m */; };
		3B8214C11E97E69100B64A26 /* Info.plist in Resources */ = {isa = PBXBuildFile; fileRef = 3B8214BF1E97E69100B64A26 /* Info.plist */; };
/* End PBXBuildFile section */

/* Begin PBXContainerItemProxy section */
		DFA729651D70D7FA005FA8D1 /* PBXContainerItemProxy */ = {
			isa = PBXContainerItemProxy;
			containerPortal = DFA729431D70D7FA005FA8D1 /* Project object */;
			proxyType = 1;
			remoteGlobalIDString = DFA7294A1D70D7FA005FA8D1;
			remoteInfo = SGQRCodeExample;
		};
		DFA729701D70D7FA005FA8D1 /* PBXContainerItemProxy */ = {
			isa = PBXContainerItemProxy;
			containerPortal = DFA729431D70D7FA005FA8D1 /* Project object */;
			proxyType = 1;
			remoteGlobalIDString = DFA7294A1D70D7FA005FA8D1;
			remoteInfo = SGQRCodeExample;
		};
/* End PBXContainerItemProxy section */

/* Begin PBXFileReference section */
		3B82148E1E97E5A700B64A26 /* ATQRCodeTool.h */ = {isa = PBXFileReference; fileEncoding = 4; lastKnownFileType = sourcecode.c.h; name = ATQRCodeTool.h; path = ATQRCode/Tool/ATQRCodeTool.h; sourceTree = SOURCE_ROOT; };
		3B82148F1E97E5A700B64A26 /* ATQRCodeTool.m */ = {isa = PBXFileReference; fileEncoding = 4; lastKnownFileType = sourcecode.c.objc; name = ATQRCodeTool.m; path = ATQRCode/Tool/ATQRCodeTool.m; sourceTree = SOURCE_ROOT; };
		3B8214911E97E5C800B64A26 /* ATAlertView.h */ = {isa = PBXFileReference; fileEncoding = 4; lastKnownFileType = sourcecode.c.h; name = ATAlertView.h; path = ATQRCode/ATAlertView/ATAlertView.h; sourceTree = SOURCE_ROOT; };
		3B8214921E97E5C800B64A26 /* ATAlertView.m */ = {isa = PBXFileReference; fileEncoding = 4; lastKnownFileType = sourcecode.c.objc; name = ATAlertView.m; path = ATQRCode/ATAlertView/ATAlertView.m; sourceTree = SOURCE_ROOT; };
		3B8214941E97E5E200B64A26 /* sound.caf */ = {isa = PBXFileReference; lastKnownFileType = file; name = sound.caf; path = ATQRCode/Sound/sound.caf; sourceTree = SOURCE_ROOT; };
		3B8214961E97E5F200B64A26 /* ATGenerateQRCodeVC.h */ = {isa = PBXFileReference; fileEncoding = 4; lastKnownFileType = sourcecode.c.h; name = ATGenerateQRCodeVC.h; path = ATQRCode/Controller/ATGenerateQRCodeVC.h; sourceTree = SOURCE_ROOT; };
		3B8214971E97E5F200B64A26 /* ATGenerateQRCodeVC.m */ = {isa = PBXFileReference; fileEncoding = 4; lastKnownFileType = sourcecode.c.objc; name = ATGenerateQRCodeVC.m; path = ATQRCode/Controller/ATGenerateQRCodeVC.m; sourceTree = SOURCE_ROOT; };
		3B8214981E97E5F200B64A26 /* ATScanningQRCodeVC.h */ = {isa = PBXFileReference; fileEncoding = 4; lastKnownFileType = sourcecode.c.h; name = ATScanningQRCodeVC.h; path = ATQRCode/Controller/ATScanningQRCodeVC.h; sourceTree = SOURCE_ROOT; };
		3B8214991E97E5F200B64A26 /* ATScanningQRCodeVC.m */ = {isa = PBXFileReference; fileEncoding = 4; lastKnownFileType = sourcecode.c.objc; name = ATScanningQRCodeVC.m; path = ATQRCode/Controller/ATScanningQRCodeVC.m; sourceTree = SOURCE_ROOT; };
		3B82149A1E97E5F200B64A26 /* ATScanSuccessJumpVC.h */ = {isa = PBXFileReference; fileEncoding = 4; lastKnownFileType = sourcecode.c.h; name = ATScanSuccessJumpVC.h; path = ATQRCode/Controller/ATScanSuccessJumpVC.h; sourceTree = SOURCE_ROOT; };
		3B82149B1E97E5F200B64A26 /* ATScanSuccessJumpVC.m */ = {isa = PBXFileReference; fileEncoding = 4; lastKnownFileType = sourcecode.c.objc; name = ATScanSuccessJumpVC.m; path = ATQRCode/Controller/ATScanSuccessJumpVC.m; sourceTree = SOURCE_ROOT; };
		3B82149F1E97E60600B64A26 /* ATScanningQRCodeView.h */ = {isa = PBXFileReference; fileEncoding = 4; lastKnownFileType = sourcecode.c.h; name = ATScanningQRCodeView.h; path = ATQRCode/View/ATScanningQRCodeView.h; sourceTree = SOURCE_ROOT; };
		3B8214A01E97E60600B64A26 /* ATScanningQRCodeView.m */ = {isa = PBXFileReference; fileEncoding = 4; lastKnownFileType = sourcecode.c.objc; name = ATScanningQRCodeView.m; path = ATQRCode/View/ATScanningQRCodeView.m; sourceTree = SOURCE_ROOT; };
		3B8214A21E97E61C00B64A26 /* AppDelegate.h */ = {isa = PBXFileReference; fileEncoding = 4; lastKnownFileType = sourcecode.c.h; name = AppDelegate.h; path = ATQRCodeExample/AppDelegate.h; sourceTree = SOURCE_ROOT; };
		3B8214A31E97E61C00B64A26 /* AppDelegate.m */ = {isa = PBXFileReference; fileEncoding = 4; lastKnownFileType = sourcecode.c.objc; name = AppDelegate.m; path = ATQRCodeExample/AppDelegate.m; sourceTree = SOURCE_ROOT; };
		3B8214A41E97E61C00B64A26 /* Assets.xcassets */ = {isa = PBXFileReference; lastKnownFileType = folder.assetcatalog; name = Assets.xcassets; path = ATQRCodeExample/Assets.xcassets; sourceTree = SOURCE_ROOT; };
		3B8214A71E97E61C00B64A26 /* Base */ = {isa = PBXFileReference; lastKnownFileType = file.storyboard; name = Base; path = LaunchScreen.storyboard; sourceTree = "<group>"; };
		3B8214A91E97E61C00B64A26 /* Base */ = {isa = PBXFileReference; lastKnownFileType = file.storyboard; name = Base; path = Main.storyboard; sourceTree = "<group>"; };
		3B8214AA1E97E61C00B64A26 /* Info.plist */ = {isa = PBXFileReference; fileEncoding = 4; lastKnownFileType = text.plist.xml; name = Info.plist; path = ATQRCodeExample/Info.plist; sourceTree = SOURCE_ROOT; };
		3B8214AB1E97E61C00B64A26 /* main.m */ = {isa = PBXFileReference; fileEncoding = 4; lastKnownFileType = sourcecode.c.objc; name = main.m; path = ATQRCodeExample/main.m; sourceTree = SOURCE_ROOT; };
		3B8214AC1E97E61C00B64A26 /* ViewController.h */ = {isa = PBXFileReference; fileEncoding = 4; lastKnownFileType = sourcecode.c.h; name = ViewController.h; path = ATQRCodeExample/ViewController.h; sourceTree = SOURCE_ROOT; };
		3B8214AD1E97E61C00B64A26 /* ViewController.m */ = {isa = PBXFileReference; fileEncoding = 4; lastKnownFileType = sourcecode.c.objc; name = ViewController.m; path = ATQRCodeExample/ViewController.m; sourceTree = SOURCE_ROOT; };
		3B8214B51E97E67400B64A26 /* ATQRCodeExampleTests.m */ = {isa = PBXFileReference; fileEncoding = 4; lastKnownFileType = sourcecode.c.objc; name = ATQRCodeExampleTests.m; path = ATQRCodeExampleTests/ATQRCodeExampleTests.m; sourceTree = SOURCE_ROOT; };
		3B8214B61E97E67400B64A26 /* Info.plist */ = {isa = PBXFileReference; fileEncoding = 4; lastKnownFileType = text.plist.xml; name = Info.plist; path = ATQRCodeExampleTests/Info.plist; sourceTree = SOURCE_ROOT; };
		3B8214BE1E97E69100B64A26 /* ATQRCodeExampleUITests.m */ = {isa = PBXFileReference; fileEncoding = 4; lastKnownFileType = sourcecode.c.objc; name = ATQRCodeExampleUITests.m; path = ATQRCodeExampleUITests/ATQRCodeExampleUITests.m; sourceTree = SOURCE_ROOT; };
		3B8214BF1E97E69100B64A26 /* Info.plist */ = {isa = PBXFileReference; fileEncoding = 4; lastKnownFileType = text.plist.xml; name = Info.plist; path = ATQRCodeExampleUITests/Info.plist; sourceTree = SOURCE_ROOT; };
		DFA7294B1D70D7FA005FA8D1 /* SGQRCodeExample.app */ = {isa = PBXFileReference; explicitFileType = wrapper.application; includeInIndex = 0; path = SGQRCodeExample.app; sourceTree = BUILT_PRODUCTS_DIR; };
		DFA729641D70D7FA005FA8D1 /* SGQRCodeExampleTests.xctest */ = {isa = PBXFileReference; explicitFileType = wrapper.cfbundle; includeInIndex = 0; path = SGQRCodeExampleTests.xctest; sourceTree = BUILT_PRODUCTS_DIR; };
		DFA7296F1D70D7FA005FA8D1 /* SGQRCodeExampleUITests.xctest */ = {isa = PBXFileReference; explicitFileType = wrapper.cfbundle; includeInIndex = 0; path = SGQRCodeExampleUITests.xctest; sourceTree = BUILT_PRODUCTS_DIR; };
/* End PBXFileReference section */

/* Begin PBXFrameworksBuildPhase section */
		DFA729481D70D7FA005FA8D1 /* Frameworks */ = {
			isa = PBXFrameworksBuildPhase;
			buildActionMask = 2147483647;
			files = (
			);
			runOnlyForDeploymentPostprocessing = 0;
		};
		DFA729611D70D7FA005FA8D1 /* Frameworks */ = {
			isa = PBXFrameworksBuildPhase;
			buildActionMask = 2147483647;
			files = (
			);
			runOnlyForDeploymentPostprocessing = 0;
		};
		DFA7296C1D70D7FA005FA8D1 /* Frameworks */ = {
			isa = PBXFrameworksBuildPhase;
			buildActionMask = 2147483647;
			files = (
			);
			runOnlyForDeploymentPostprocessing = 0;
		};
/* End PBXFrameworksBuildPhase section */

/* Begin PBXGroup section */
		1859E7C21DF10565002C3D88 /* Tool */ = {
			isa = PBXGroup;
			children = (
				3B82148E1E97E5A700B64A26 /* ATQRCodeTool.h */,
				3B82148F1E97E5A700B64A26 /* ATQRCodeTool.m */,
			);
			path = Tool;
			sourceTree = "<group>";
		};
		3B8214A51E97E61C00B64A26 /* Base.lproj */ = {
			isa = PBXGroup;
			children = (
				3B8214A61E97E61C00B64A26 /* LaunchScreen.storyboard */,
				3B8214A81E97E61C00B64A26 /* Main.storyboard */,
			);
			name = Base.lproj;
			path = ATQRCodeExample/Base.lproj;
			sourceTree = SOURCE_ROOT;
		};
		96214FC81D9EC85E0093BDC2 /* Sound */ = {
			isa = PBXGroup;
			children = (
				3B8214941E97E5E200B64A26 /* sound.caf */,
			);
			path = Sound;
			sourceTree = "<group>";
		};
		96222AC41DAA895C002BA0E5 /* ATAlertView */ = {
			isa = PBXGroup;
			children = (
				3B8214911E97E5C800B64A26 /* ATAlertView.h */,
				3B8214921E97E5C800B64A26 /* ATAlertView.m */,
			);
			name = ATAlertView;
			path = SGAlertView;
			sourceTree = "<group>";
		};
		96CBCB3A1D75D46900F5EAD6 /* SGQRCode */ = {
			isa = PBXGroup;
			children = (
				1859E7C21DF10565002C3D88 /* Tool */,
				96222AC41DAA895C002BA0E5 /* ATAlertView */,
				96214FC81D9EC85E0093BDC2 /* Sound */,
				96CBCB3E1D75D46900F5EAD6 /* Controller */,
				96CBCB451D75D46900F5EAD6 /* View */,
			);
			path = SGQRCode;
			sourceTree = "<group>";
		};
		96CBCB3E1D75D46900F5EAD6 /* Controller */ = {
			isa = PBXGroup;
			children = (
				3B8214961E97E5F200B64A26 /* ATGenerateQRCodeVC.h */,
				3B8214971E97E5F200B64A26 /* ATGenerateQRCodeVC.m */,
				3B8214981E97E5F200B64A26 /* ATScanningQRCodeVC.h */,
				3B8214991E97E5F200B64A26 /* ATScanningQRCodeVC.m */,
				3B82149A1E97E5F200B64A26 /* ATScanSuccessJumpVC.h */,
				3B82149B1E97E5F200B64A26 /* ATScanSuccessJumpVC.m */,
			);
			path = Controller;
			sourceTree = "<group>";
		};
		96CBCB451D75D46900F5EAD6 /* View */ = {
			isa = PBXGroup;
			children = (
				3B82149F1E97E60600B64A26 /* ATScanningQRCodeView.h */,
				3B8214A01E97E60600B64A26 /* ATScanningQRCodeView.m */,
			);
			path = View;
			sourceTree = "<group>";
		};
		DFA729421D70D7FA005FA8D1 = {
			isa = PBXGroup;
			children = (
				96CBCB3A1D75D46900F5EAD6 /* SGQRCode */,
				DFA7294D1D70D7FA005FA8D1 /* ATQRCodeExample */,
				DFA729671D70D7FA005FA8D1 /* ATQRCodeExampleTests */,
				DFA729721D70D7FA005FA8D1 /* ATQRCodeExampleUITests */,
				DFA7294C1D70D7FA005FA8D1 /* Products */,
			);
			sourceTree = "<group>";
		};
		DFA7294C1D70D7FA005FA8D1 /* Products */ = {
			isa = PBXGroup;
			children = (
				DFA7294B1D70D7FA005FA8D1 /* SGQRCodeExample.app */,
				DFA729641D70D7FA005FA8D1 /* SGQRCodeExampleTests.xctest */,
				DFA7296F1D70D7FA005FA8D1 /* SGQRCodeExampleUITests.xctest */,
			);
			name = Products;
			sourceTree = "<group>";
		};
		DFA7294D1D70D7FA005FA8D1 /* ATQRCodeExample */ = {
			isa = PBXGroup;
			children = (
				3B8214A21E97E61C00B64A26 /* AppDelegate.h */,
				3B8214A31E97E61C00B64A26 /* AppDelegate.m */,
				3B8214A41E97E61C00B64A26 /* Assets.xcassets */,
				3B8214A51E97E61C00B64A26 /* Base.lproj */,
				3B8214AA1E97E61C00B64A26 /* Info.plist */,
				3B8214AC1E97E61C00B64A26 /* ViewController.h */,
				3B8214AD1E97E61C00B64A26 /* ViewController.m */,
				DFA7294E1D70D7FA005FA8D1 /* Supporting Files */,
			);
			name = ATQRCodeExample;
			path = SGQRCodeExample;
			sourceTree = "<group>";
		};
		DFA7294E1D70D7FA005FA8D1 /* Supporting Files */ = {
			isa = PBXGroup;
			children = (
				3B8214AB1E97E61C00B64A26 /* main.m */,
			);
			name = "Supporting Files";
			sourceTree = "<group>";
		};
		DFA729671D70D7FA005FA8D1 /* ATQRCodeExampleTests */ = {
			isa = PBXGroup;
			children = (
				3B8214B51E97E67400B64A26 /* ATQRCodeExampleTests.m */,
				3B8214B61E97E67400B64A26 /* Info.plist */,
			);
			name = ATQRCodeExampleTests;
			path = SGQRCodeExampleTests;
			sourceTree = "<group>";
		};
		DFA729721D70D7FA005FA8D1 /* ATQRCodeExampleUITests */ = {
			isa = PBXGroup;
			children = (
				3B8214BE1E97E69100B64A26 /* ATQRCodeExampleUITests.m */,
				3B8214BF1E97E69100B64A26 /* Info.plist */,
			);
			name = ATQRCodeExampleUITests;
			path = SGQRCodeExampleUITests;
			sourceTree = "<group>";
		};
/* End PBXGroup section */

/* Begin PBXNativeTarget section */
		DFA7294A1D70D7FA005FA8D1 /* SGQRCodeExample */ = {
			isa = PBXNativeTarget;
			buildConfigurationList = DFA729781D70D7FA005FA8D1 /* Build configuration list for PBXNativeTarget "SGQRCodeExample" */;
			buildPhases = (
				DFA729471D70D7FA005FA8D1 /* Sources */,
				DFA729481D70D7FA005FA8D1 /* Frameworks */,
				DFA729491D70D7FA005FA8D1 /* Resources */,
			);
			buildRules = (
			);
			dependencies = (
			);
			name = SGQRCodeExample;
			productName = SGQRCodeExample;
			productReference = DFA7294B1D70D7FA005FA8D1 /* SGQRCodeExample.app */;
			productType = "com.apple.product-type.application";
		};
		DFA729631D70D7FA005FA8D1 /* SGQRCodeExampleTests */ = {
			isa = PBXNativeTarget;
			buildConfigurationList = DFA7297B1D70D7FA005FA8D1 /* Build configuration list for PBXNativeTarget "SGQRCodeExampleTests" */;
			buildPhases = (
				DFA729601D70D7FA005FA8D1 /* Sources */,
				DFA729611D70D7FA005FA8D1 /* Frameworks */,
				DFA729621D70D7FA005FA8D1 /* Resources */,
			);
			buildRules = (
			);
			dependencies = (
				DFA729661D70D7FA005FA8D1 /* PBXTargetDependency */,
			);
			name = SGQRCodeExampleTests;
			productName = SGQRCodeExampleTests;
			productReference = DFA729641D70D7FA005FA8D1 /* SGQRCodeExampleTests.xctest */;
			productType = "com.apple.product-type.bundle.unit-test";
		};
		DFA7296E1D70D7FA005FA8D1 /* SGQRCodeExampleUITests */ = {
			isa = PBXNativeTarget;
			buildConfigurationList = DFA7297E1D70D7FA005FA8D1 /* Build configuration list for PBXNativeTarget "SGQRCodeExampleUITests" */;
			buildPhases = (
				DFA7296B1D70D7FA005FA8D1 /* Sources */,
				DFA7296C1D70D7FA005FA8D1 /* Frameworks */,
				DFA7296D1D70D7FA005FA8D1 /* Resources */,
			);
			buildRules = (
			);
			dependencies = (
				DFA729711D70D7FA005FA8D1 /* PBXTargetDependency */,
			);
			name = SGQRCodeExampleUITests;
			productName = SGQRCodeExampleUITests;
			productReference = DFA7296F1D70D7FA005FA8D1 /* SGQRCodeExampleUITests.xctest */;
			productType = "com.apple.product-type.bundle.ui-testing";
		};
/* End PBXNativeTarget section */

/* Begin PBXProject section */
		DFA729431D70D7FA005FA8D1 /* Project object */ = {
			isa = PBXProject;
			attributes = {
				LastUpgradeCheck = 0820;
				ORGANIZATIONNAME = JP_lee;
				TargetAttributes = {
					DFA7294A1D70D7FA005FA8D1 = {
						CreatedOnToolsVersion = 7.3.1;
						DevelopmentTeam = 3C4BBSPB8J;
					};
					DFA729631D70D7FA005FA8D1 = {
						CreatedOnToolsVersion = 7.3.1;
						TestTargetID = DFA7294A1D70D7FA005FA8D1;
					};
					DFA7296E1D70D7FA005FA8D1 = {
						CreatedOnToolsVersion = 7.3.1;
						TestTargetID = DFA7294A1D70D7FA005FA8D1;
					};
				};
			};
			buildConfigurationList = DFA729461D70D7FA005FA8D1 /* Build configuration list for PBXProject "ATQRCodeExample" */;
			compatibilityVersion = "Xcode 3.2";
			developmentRegion = English;
			hasScannedForEncodings = 0;
			knownRegions = (
				en,
				Base,
			);
			mainGroup = DFA729421D70D7FA005FA8D1;
			productRefGroup = DFA7294C1D70D7FA005FA8D1 /* Products */;
			projectDirPath = "";
			projectRoot = "";
			targets = (
				DFA7294A1D70D7FA005FA8D1 /* SGQRCodeExample */,
				DFA729631D70D7FA005FA8D1 /* SGQRCodeExampleTests */,
				DFA7296E1D70D7FA005FA8D1 /* SGQRCodeExampleUITests */,
			);
		};
/* End PBXProject section */

/* Begin PBXResourcesBuildPhase section */
		DFA729491D70D7FA005FA8D1 /* Resources */ = {
			isa = PBXResourcesBuildPhase;
			buildActionMask = 2147483647;
			files = (
				3B8214B21E97E61C00B64A26 /* Info.plist in Resources */,
				3B8214B11E97E61C00B64A26 /* Main.storyboard in Resources */,
				3B8214B81E97E67400B64A26 /* Info.plist in Resources */,
				3B8214951E97E5E200B64A26 /* sound.caf in Resources */,
				3B8214B01E97E61C00B64A26 /* LaunchScreen.storyboard in Resources */,
				3B8214AF1E97E61C00B64A26 /* Assets.xcassets in Resources */,
				3B8214C11E97E69100B64A26 /* Info.plist in Resources */,
			);
			runOnlyForDeploymentPostprocessing = 0;
		};
		DFA729621D70D7FA005FA8D1 /* Resources */ = {
			isa = PBXResourcesBuildPhase;
			buildActionMask = 2147483647;
			files = (
			);
			runOnlyForDeploymentPostprocessing = 0;
		};
		DFA7296D1D70D7FA005FA8D1 /* Resources */ = {
			isa = PBXResourcesBuildPhase;
			buildActionMask = 2147483647;
			files = (
			);
			runOnlyForDeploymentPostprocessing = 0;
		};
/* End PBXResourcesBuildPhase section */

/* Begin PBXSourcesBuildPhase section */
		DFA729471D70D7FA005FA8D1 /* Sources */ = {
			isa = PBXSourcesBuildPhase;
			buildActionMask = 2147483647;
			files = (
				3B82149C1E97E5F200B64A26 /* ATGenerateQRCodeVC.m in Sources */,
				3B82149D1E97E5F200B64A26 /* ATScanningQRCodeVC.m in Sources */,
				3B82149E1E97E5F200B64A26 /* ATScanSuccessJumpVC.m in Sources */,
				3B8214AE1E97E61C00B64A26 /* AppDelegate.m in Sources */,
				3B8214B41E97E61C00B64A26 /* ViewController.m in Sources */,
				3B8214A11E97E60600B64A26 /* ATScanningQRCodeView.m in Sources */,
				3B8214901E97E5A700B64A26 /* ATQRCodeTool.m in Sources */,
				3B8214B71E97E67400B64A26 /* ATQRCodeExampleTests.m in Sources */,
				3B8214B31E97E61C00B64A26 /* main.m in Sources */,
				3B8214C01E97E69100B64A26 /* ATQRCodeExampleUITests.m in Sources */,
				3B8214931E97E5C800B64A26 /* ATAlertView.m in Sources */,
			);
			runOnlyForDeploymentPostprocessing = 0;
		};
		DFA729601D70D7FA005FA8D1 /* Sources */ = {
			isa = PBXSourcesBuildPhase;
			buildActionMask = 2147483647;
			files = (
			);
			runOnlyForDeploymentPostprocessing = 0;
		};
		DFA7296B1D70D7FA005FA8D1 /* Sources */ = {
			isa = PBXSourcesBuildPhase;
			buildActionMask = 2147483647;
			files = (
			);
			runOnlyForDeploymentPostprocessing = 0;
		};
/* End PBXSourcesBuildPhase section */

/* Begin PBXTargetDependency section */
		DFA729661D70D7FA005FA8D1 /* PBXTargetDependency */ = {
			isa = PBXTargetDependency;
			target = DFA7294A1D70D7FA005FA8D1 /* SGQRCodeExample */;
			targetProxy = DFA729651D70D7FA005FA8D1 /* PBXContainerItemProxy */;
		};
		DFA729711D70D7FA005FA8D1 /* PBXTargetDependency */ = {
			isa = PBXTargetDependency;
			target = DFA7294A1D70D7FA005FA8D1 /* SGQRCodeExample */;
			targetProxy = DFA729701D70D7FA005FA8D1 /* PBXContainerItemProxy */;
		};
/* End PBXTargetDependency section */

/* Begin PBXVariantGroup section */
		3B8214A61E97E61C00B64A26 /* LaunchScreen.storyboard */ = {
			isa = PBXVariantGroup;
			children = (
				3B8214A71E97E61C00B64A26 /* Base */,
			);
			name = LaunchScreen.storyboard;
			sourceTree = "<group>";
		};
		3B8214A81E97E61C00B64A26 /* Main.storyboard */ = {
			isa = PBXVariantGroup;
			children = (
				3B8214A91E97E61C00B64A26 /* Base */,
			);
			name = Main.storyboard;
			sourceTree = "<group>";
		};
/* End PBXVariantGroup section */

/* Begin XCBuildConfiguration section */
		DFA729761D70D7FA005FA8D1 /* Debug */ = {
			isa = XCBuildConfiguration;
			buildSettings = {
				ALWAYS_SEARCH_USER_PATHS = NO;
				CLANG_ANALYZER_NONNULL = YES;
				CLANG_CXX_LANGUAGE_STANDARD = "gnu++0x";
				CLANG_CXX_LIBRARY = "libc++";
				CLANG_ENABLE_MODULES = YES;
				CLANG_ENABLE_OBJC_ARC = YES;
				CLANG_WARN_BOOL_CONVERSION = YES;
				CLANG_WARN_CONSTANT_CONVERSION = YES;
				CLANG_WARN_DIRECT_OBJC_ISA_USAGE = YES_ERROR;
				CLANG_WARN_EMPTY_BODY = YES;
				CLANG_WARN_ENUM_CONVERSION = YES;
				CLANG_WARN_INFINITE_RECURSION = YES;
				CLANG_WARN_INT_CONVERSION = YES;
				CLANG_WARN_OBJC_ROOT_CLASS = YES_ERROR;
				CLANG_WARN_SUSPICIOUS_MOVE = YES;
				CLANG_WARN_UNREACHABLE_CODE = YES;
				CLANG_WARN__DUPLICATE_METHOD_MATCH = YES;
				"CODE_SIGN_IDENTITY[sdk=iphoneos*]" = "iPhone Developer";
				COPY_PHASE_STRIP = NO;
				DEBUG_INFORMATION_FORMAT = dwarf;
				ENABLE_STRICT_OBJC_MSGSEND = YES;
				ENABLE_TESTABILITY = YES;
				GCC_C_LANGUAGE_STANDARD = gnu99;
				GCC_DYNAMIC_NO_PIC = NO;
				GCC_NO_COMMON_BLOCKS = YES;
				GCC_OPTIMIZATION_LEVEL = 0;
				GCC_PREPROCESSOR_DEFINITIONS = (
					"DEBUG=1",
					"$(inherited)",
				);
				GCC_WARN_64_TO_32_BIT_CONVERSION = YES;
				GCC_WARN_ABOUT_RETURN_TYPE = YES_ERROR;
				GCC_WARN_UNDECLARED_SELECTOR = YES;
				GCC_WARN_UNINITIALIZED_AUTOS = YES_AGGRESSIVE;
				GCC_WARN_UNUSED_FUNCTION = YES;
				GCC_WARN_UNUSED_VARIABLE = YES;
				IPHONEOS_DEPLOYMENT_TARGET = 8.0;
				MTL_ENABLE_DEBUG_INFO = YES;
				ONLY_ACTIVE_ARCH = YES;
				SDKROOT = iphoneos;
				TARGETED_DEVICE_FAMILY = "1,2";
			};
			name = Debug;
		};
		DFA729771D70D7FA005FA8D1 /* Release */ = {
			isa = XCBuildConfiguration;
			buildSettings = {
				ALWAYS_SEARCH_USER_PATHS = NO;
				CLANG_ANALYZER_NONNULL = YES;
				CLANG_CXX_LANGUAGE_STANDARD = "gnu++0x";
				CLANG_CXX_LIBRARY = "libc++";
				CLANG_ENABLE_MODULES = YES;
				CLANG_ENABLE_OBJC_ARC = YES;
				CLANG_WARN_BOOL_CONVERSION = YES;
				CLANG_WARN_CONSTANT_CONVERSION = YES;
				CLANG_WARN_DIRECT_OBJC_ISA_USAGE = YES_ERROR;
				CLANG_WARN_EMPTY_BODY = YES;
				CLANG_WARN_ENUM_CONVERSION = YES;
				CLANG_WARN_INFINITE_RECURSION = YES;
				CLANG_WARN_INT_CONVERSION = YES;
				CLANG_WARN_OBJC_ROOT_CLASS = YES_ERROR;
				CLANG_WARN_SUSPICIOUS_MOVE = YES;
				CLANG_WARN_UNREACHABLE_CODE = YES;
				CLANG_WARN__DUPLICATE_METHOD_MATCH = YES;
				"CODE_SIGN_IDENTITY[sdk=iphoneos*]" = "iPhone Developer";
				COPY_PHASE_STRIP = NO;
				DEBUG_INFORMATION_FORMAT = "dwarf-with-dsym";
				ENABLE_NS_ASSERTIONS = NO;
				ENABLE_STRICT_OBJC_MSGSEND = YES;
				GCC_C_LANGUAGE_STANDARD = gnu99;
				GCC_NO_COMMON_BLOCKS = YES;
				GCC_WARN_64_TO_32_BIT_CONVERSION = YES;
				GCC_WARN_ABOUT_RETURN_TYPE = YES_ERROR;
				GCC_WARN_UNDECLARED_SELECTOR = YES;
				GCC_WARN_UNINITIALIZED_AUTOS = YES_AGGRESSIVE;
				GCC_WARN_UNUSED_FUNCTION = YES;
				GCC_WARN_UNUSED_VARIABLE = YES;
				IPHONEOS_DEPLOYMENT_TARGET = 8.0;
				MTL_ENABLE_DEBUG_INFO = NO;
				SDKROOT = iphoneos;
				TARGETED_DEVICE_FAMILY = "1,2";
				VALIDATE_PRODUCT = YES;
			};
			name = Release;
		};
		DFA729791D70D7FA005FA8D1 /* Debug */ = {
			isa = XCBuildConfiguration;
			buildSettings = {
				ASSETCATALOG_COMPILER_APPICON_NAME = AppIcon;
				CODE_SIGN_IDENTITY = "iPhone Developer";
				"CODE_SIGN_IDENTITY[sdk=iphoneos*]" = "iPhone Developer";
				DEVELOPMENT_TEAM = 3C4BBSPB8J;
				INFOPLIST_FILE = "$(SRCROOT)/ATQRCodeExample/Info.plist";
				IPHONEOS_DEPLOYMENT_TARGET = 8.0;
				LD_RUNPATH_SEARCH_PATHS = "$(inherited) @executable_path/Frameworks";
				PRODUCT_BUNDLE_IDENTIFIER = com.example.ATQRCodeExample;
				PRODUCT_NAME = "$(TARGET_NAME)";
				PROVISIONING_PROFILE = "";
				TARGETED_DEVICE_FAMILY = 1;
			};
			name = Debug;
		};
		DFA7297A1D70D7FA005FA8D1 /* Release */ = {
			isa = XCBuildConfiguration;
			buildSettings = {
				ASSETCATALOG_COMPILER_APPICON_NAME = AppIcon;
				CODE_SIGN_IDENTITY = "iPhone Developer";
				"CODE_SIGN_IDENTITY[sdk=iphoneos*]" = "iPhone Developer";
				DEVELOPMENT_TEAM = 3C4BBSPB8J;
				INFOPLIST_FILE = "$(SRCROOT)/ATQRCodeExample/Info.plist";
				IPHONEOS_DEPLOYMENT_TARGET = 8.0;
				LD_RUNPATH_SEARCH_PATHS = "$(inherited) @executable_path/Frameworks";
				PRODUCT_BUNDLE_IDENTIFIER = com.example.ATQRCodeExample;
				PRODUCT_NAME = "$(TARGET_NAME)";
				PROVISIONING_PROFILE = "";
				TARGETED_DEVICE_FAMILY = 1;
			};
			name = Release;
		};
		DFA7297C1D70D7FA005FA8D1 /* Debug */ = {
			isa = XCBuildConfiguration;
			buildSettings = {
				BUNDLE_LOADER = "$(TEST_HOST)";
				INFOPLIST_FILE = ATQRCodeExampleTests/Info.plist;
				LD_RUNPATH_SEARCH_PATHS = "$(inherited) @executable_path/Frameworks @loader_path/Frameworks";
				PRODUCT_BUNDLE_IDENTIFIER = com.lemiao..ATQRCodeExampleTests;
				PRODUCT_NAME = "$(TARGET_NAME)";
				TEST_HOST = "$(BUILT_PRODUCTS_DIR)/ATQRCodeExample.app/ATQRCodeExample";
			};
			name = Debug;
		};
		DFA7297D1D70D7FA005FA8D1 /* Release */ = {
			isa = XCBuildConfiguration;
			buildSettings = {
				BUNDLE_LOADER = "$(TEST_HOST)";
				INFOPLIST_FILE = ATQRCodeExampleTests/Info.plist;
				LD_RUNPATH_SEARCH_PATHS = "$(inherited) @executable_path/Frameworks @loader_path/Frameworks";
				PRODUCT_BUNDLE_IDENTIFIER = com.lemiao..ATQRCodeExampleTests;
				PRODUCT_NAME = "$(TARGET_NAME)";
				TEST_HOST = "$(BUILT_PRODUCTS_DIR)/ATQRCodeExample.app/ATQRCodeExample";
			};
			name = Release;
		};
		DFA7297F1D70D7FA005FA8D1 /* Debug */ = {
			isa = XCBuildConfiguration;
			buildSettings = {
				INFOPLIST_FILE = ATQRCodeExampleUITests/Info.plist;
				LD_RUNPATH_SEARCH_PATHS = "$(inherited) @executable_path/Frameworks @loader_path/Frameworks";
				PRODUCT_BUNDLE_IDENTIFIER = com.lemiao..ATQRCodeExampleUITests;
				PRODUCT_NAME = "$(TARGET_NAME)";
				TEST_TARGET_NAME = ATQRCodeExample;
			};
			name = Debug;
		};
		DFA729801D70D7FA005FA8D1 /* Release */ = {
			isa = XCBuildConfiguration;
			buildSettings = {
				INFOPLIST_FILE = ATQRCodeExampleUITests/Info.plist;
				LD_RUNPATH_SEARCH_PATHS = "$(inherited) @executable_path/Frameworks @loader_path/Frameworks";
				PRODUCT_BUNDLE_IDENTIFIER = com.lemiao..ATQRCodeExampleUITests;
				PRODUCT_NAME = "$(TARGET_NAME)";
				TEST_TARGET_NAME = ATQRCodeExample;
			};
			name = Release;
		};
/* End XCBuildConfiguration section */

/* Begin XCConfigurationList section */
		DFA729461D70D7FA005FA8D1 /* Build configuration list for PBXProject "ATQRCodeExample" */ = {
			isa = XCConfigurationList;
			buildConfigurations = (
				DFA729761D70D7FA005FA8D1 /* Debug */,
				DFA729771D70D7FA005FA8D1 /* Release */,
			);
			defaultConfigurationIsVisible = 0;
			defaultConfigurationName = Release;
		};
		DFA729781D70D7FA005FA8D1 /* Build configuration list for PBXNativeTarget "SGQRCodeExample" */ = {
			isa = XCConfigurationList;
			buildConfigurations = (
				DFA729791D70D7FA005FA8D1 /* Debug */,
				DFA7297A1D70D7FA005FA8D1 /* Release */,
			);
			defaultConfigurationIsVisible = 0;
			defaultConfigurationName = Release;
		};
		DFA7297B1D70D7FA005FA8D1 /* Build configuration list for PBXNativeTarget "SGQRCodeExampleTests" */ = {
			isa = XCConfigurationList;
			buildConfigurations = (
				DFA7297C1D70D7FA005FA8D1 /* Debug */,
				DFA7297D1D70D7FA005FA8D1 /* Release */,
			);
			defaultConfigurationIsVisible = 0;
			defaultConfigurationName = Release;
		};
		DFA7297E1D70D7FA005FA8D1 /* Build configuration list for PBXNativeTarget "SGQRCodeExampleUITests" */ = {
			isa = XCConfigurationList;
			buildConfigurations = (
				DFA7297F1D70D7FA005FA8D1 /* Debug */,
				DFA729801D70D7FA005FA8D1 /* Release */,
			);
			defaultConfigurationIsVisible = 0;
			defaultConfigurationName = Release;
		};
/* End XCConfigurationList section */
	};
	rootObject = DFA729431D70D7FA005FA8D1 /* Project object */;
}
